// !$*UTF8*$!
{
	archiveVersion = 1;
	classes = {
	};
	objectVersion = 51;
	objects = {

/* Begin PBXBuildFile section */
		77F62E93A4FAE8F16BA9802A /* Pods_AdessoMVC.framework in Frameworks */ = {isa = PBXBuildFile; fileRef = 3099CF710007A832E22088D4 /* Pods_AdessoMVC.framework */; };
		F954D18C23C73B1500701F1E /* AppDelegate.swift in Sources */ = {isa = PBXBuildFile; fileRef = F954D18B23C73B1500701F1E /* AppDelegate.swift */; };
		F954D19023C73B1500701F1E /* ViewController.swift in Sources */ = {isa = PBXBuildFile; fileRef = F954D18F23C73B1500701F1E /* ViewController.swift */; };
		F954D19323C73B1500701F1E /* Main.storyboard in Resources */ = {isa = PBXBuildFile; fileRef = F954D19123C73B1500701F1E /* Main.storyboard */; };
		F954D19523C73B1700701F1E /* Assets.xcassets in Resources */ = {isa = PBXBuildFile; fileRef = F954D19423C73B1700701F1E /* Assets.xcassets */; };
		F954D19823C73B1700701F1E /* LaunchScreen.storyboard in Resources */ = {isa = PBXBuildFile; fileRef = F954D19623C73B1700701F1E /* LaunchScreen.storyboard */; };
		F954D1A623C7401F00701F1E /* SplashVC.swift in Sources */ = {isa = PBXBuildFile; fileRef = F954D1A423C7401F00701F1E /* SplashVC.swift */; };
		F954D1A723C7401F00701F1E /* SplashVC.xib in Resources */ = {isa = PBXBuildFile; fileRef = F954D1A523C7401F00701F1E /* SplashVC.xib */; };
		F954D1AB23C7468200701F1E /* ResourcesVC.swift in Sources */ = {isa = PBXBuildFile; fileRef = F954D1A923C7468200701F1E /* ResourcesVC.swift */; };
		F954D1AC23C7468200701F1E /* ResourcesVC.xib in Resources */ = {isa = PBXBuildFile; fileRef = F954D1AA23C7468200701F1E /* ResourcesVC.xib */; };
		F954D1B123C7477600701F1E /* ResourcesTableViewCell.swift in Sources */ = {isa = PBXBuildFile; fileRef = F954D1AF23C7477600701F1E /* ResourcesTableViewCell.swift */; };
		F954D1B223C7477600701F1E /* ResourcesTableViewCell.xib in Resources */ = {isa = PBXBuildFile; fileRef = F954D1B023C7477600701F1E /* ResourcesTableViewCell.xib */; };
		F954D1B523C7493E00701F1E /* NewsApiService.swift in Sources */ = {isa = PBXBuildFile; fileRef = F954D1B423C7493E00701F1E /* NewsApiService.swift */; };
		F954D1BA23C74EA500701F1E /* News.swift in Sources */ = {isa = PBXBuildFile; fileRef = F954D1B923C74EA500701F1E /* News.swift */; };
		F954D1BC23C74EC400701F1E /* SourcesModel.swift in Sources */ = {isa = PBXBuildFile; fileRef = F954D1BB23C74EC400701F1E /* SourcesModel.swift */; };
/* End PBXBuildFile section */

/* Begin PBXFileReference section */
		00597047F707D5F3BF8F065E /* Pods-AdessoMVC.release.xcconfig */ = {isa = PBXFileReference; includeInIndex = 1; lastKnownFileType = text.xcconfig; name = "Pods-AdessoMVC.release.xcconfig"; path = "Target Support Files/Pods-AdessoMVC/Pods-AdessoMVC.release.xcconfig"; sourceTree = "<group>"; };
		3099CF710007A832E22088D4 /* Pods_AdessoMVC.framework */ = {isa = PBXFileReference; explicitFileType = wrapper.framework; includeInIndex = 0; path = Pods_AdessoMVC.framework; sourceTree = BUILT_PRODUCTS_DIR; };
		9752843873C3C0289EE1CC83 /* Pods-AdessoMVC.debug.xcconfig */ = {isa = PBXFileReference; includeInIndex = 1; lastKnownFileType = text.xcconfig; name = "Pods-AdessoMVC.debug.xcconfig"; path = "Target Support Files/Pods-AdessoMVC/Pods-AdessoMVC.debug.xcconfig"; sourceTree = "<group>"; };
		F954D18823C73B1500701F1E /* AdessoMVC.app */ = {isa = PBXFileReference; explicitFileType = wrapper.application; includeInIndex = 0; path = AdessoMVC.app; sourceTree = BUILT_PRODUCTS_DIR; };
		F954D18B23C73B1500701F1E /* AppDelegate.swift */ = {isa = PBXFileReference; lastKnownFileType = sourcecode.swift; path = AppDelegate.swift; sourceTree = "<group>"; };
		F954D18F23C73B1500701F1E /* ViewController.swift */ = {isa = PBXFileReference; lastKnownFileType = sourcecode.swift; path = ViewController.swift; sourceTree = "<group>"; };
		F954D19223C73B1500701F1E /* Base */ = {isa = PBXFileReference; lastKnownFileType = file.storyboard; name = Base; path = Base.lproj/Main.storyboard; sourceTree = "<group>"; };
		F954D19423C73B1700701F1E /* Assets.xcassets */ = {isa = PBXFileReference; lastKnownFileType = folder.assetcatalog; path = Assets.xcassets; sourceTree = "<group>"; };
		F954D19723C73B1700701F1E /* Base */ = {isa = PBXFileReference; lastKnownFileType = file.storyboard; name = Base; path = Base.lproj/LaunchScreen.storyboard; sourceTree = "<group>"; };
		F954D19923C73B1700701F1E /* Info.plist */ = {isa = PBXFileReference; lastKnownFileType = text.plist.xml; path = Info.plist; sourceTree = "<group>"; };
		F954D1A423C7401F00701F1E /* SplashVC.swift */ = {isa = PBXFileReference; lastKnownFileType = sourcecode.swift; path = SplashVC.swift; sourceTree = "<group>"; };
		F954D1A523C7401F00701F1E /* SplashVC.xib */ = {isa = PBXFileReference; lastKnownFileType = file.xib; path = SplashVC.xib; sourceTree = "<group>"; };
		F954D1A923C7468200701F1E /* ResourcesVC.swift */ = {isa = PBXFileReference; lastKnownFileType = sourcecode.swift; path = ResourcesVC.swift; sourceTree = "<group>"; };
		F954D1AA23C7468200701F1E /* ResourcesVC.xib */ = {isa = PBXFileReference; lastKnownFileType = file.xib; path = ResourcesVC.xib; sourceTree = "<group>"; };
		F954D1AF23C7477600701F1E /* ResourcesTableViewCell.swift */ = {isa = PBXFileReference; lastKnownFileType = sourcecode.swift; path = ResourcesTableViewCell.swift; sourceTree = "<group>"; };
		F954D1B023C7477600701F1E /* ResourcesTableViewCell.xib */ = {isa = PBXFileReference; lastKnownFileType = file.xib; path = ResourcesTableViewCell.xib; sourceTree = "<group>"; };
		F954D1B423C7493E00701F1E /* NewsApiService.swift */ = {isa = PBXFileReference; lastKnownFileType = sourcecode.swift; path = NewsApiService.swift; sourceTree = "<group>"; };
		F954D1B923C74EA500701F1E /* News.swift */ = {isa = PBXFileReference; lastKnownFileType = sourcecode.swift; path = News.swift; sourceTree = "<group>"; };
		F954D1BB23C74EC400701F1E /* SourcesModel.swift */ = {isa = PBXFileReference; lastKnownFileType = sourcecode.swift; path = SourcesModel.swift; sourceTree = "<group>"; };
/* End PBXFileReference section */

/* Begin PBXFrameworksBuildPhase section */
		F954D18523C73B1500701F1E /* Frameworks */ = {
			isa = PBXFrameworksBuildPhase;
			buildActionMask = 2147483647;
			files = (
				77F62E93A4FAE8F16BA9802A /* Pods_AdessoMVC.framework in Frameworks */,
			);
			runOnlyForDeploymentPostprocessing = 0;
		};
/* End PBXFrameworksBuildPhase section */

/* Begin PBXGroup section */
		4FD8A1EB3067C064606E3B28 /* Pods */ = {
			isa = PBXGroup;
			children = (
				9752843873C3C0289EE1CC83 /* Pods-AdessoMVC.debug.xcconfig */,
				00597047F707D5F3BF8F065E /* Pods-AdessoMVC.release.xcconfig */,
			);
			path = Pods;
			sourceTree = "<group>";
		};
		D7FD052CCDDE3CC6BF4B4627 /* Frameworks */ = {
			isa = PBXGroup;
			children = (
				3099CF710007A832E22088D4 /* Pods_AdessoMVC.framework */,
			);
			name = Frameworks;
			sourceTree = "<group>";
		};
		F954D17F23C73B1500701F1E = {
			isa = PBXGroup;
			children = (
				F954D18A23C73B1500701F1E /* AdessoMVC */,
				F954D18923C73B1500701F1E /* Products */,
				4FD8A1EB3067C064606E3B28 /* Pods */,
				D7FD052CCDDE3CC6BF4B4627 /* Frameworks */,
			);
			sourceTree = "<group>";
		};
		F954D18923C73B1500701F1E /* Products */ = {
			isa = PBXGroup;
			children = (
				F954D18823C73B1500701F1E /* AdessoMVC.app */,
			);
			name = Products;
			sourceTree = "<group>";
		};
		F954D18A23C73B1500701F1E /* AdessoMVC */ = {
			isa = PBXGroup;
			children = (
				F954D1B323C748C900701F1E /* Network */,
				F954D1A223C73F1400701F1E /* Views */,
				F954D1A123C73F0D00701F1E /* Controller */,
				F954D1A023C73F0800701F1E /* Model */,
				F954D19F23C73EF800701F1E /* App */,
				F954D19923C73B1700701F1E /* Info.plist */,
			);
			path = AdessoMVC;
			sourceTree = "<group>";
		};
		F954D19F23C73EF800701F1E /* App */ = {
			isa = PBXGroup;
			children = (
				F954D18B23C73B1500701F1E /* AppDelegate.swift */,
				F954D19423C73B1700701F1E /* Assets.xcassets */,
			);
			path = App;
			sourceTree = "<group>";
		};
		F954D1A023C73F0800701F1E /* Model */ = {
			isa = PBXGroup;
			children = (
				F954D1B823C74E9500701F1E /* Resources */,
			);
			path = Model;
			sourceTree = "<group>";
		};
		F954D1A123C73F0D00701F1E /* Controller */ = {
			isa = PBXGroup;
			children = (
				F954D1A823C7466A00701F1E /* ResourcesVC */,
				F954D1A323C7400500701F1E /* SplashVC */,
				F954D18F23C73B1500701F1E /* ViewController.swift */,
			);
			path = Controller;
			sourceTree = "<group>";
		};
		F954D1A223C73F1400701F1E /* Views */ = {
			isa = PBXGroup;
			children = (
				F954D1AD23C7475400701F1E /* Cell */,
				F954D19123C73B1500701F1E /* Main.storyboard */,
				F954D19623C73B1700701F1E /* LaunchScreen.storyboard */,
			);
			path = Views;
			sourceTree = "<group>";
		};
		F954D1A323C7400500701F1E /* SplashVC */ = {
			isa = PBXGroup;
			children = (
				F954D1A423C7401F00701F1E /* SplashVC.swift */,
				F954D1A523C7401F00701F1E /* SplashVC.xib */,
			);
			path = SplashVC;
			sourceTree = "<group>";
		};
		F954D1A823C7466A00701F1E /* ResourcesVC */ = {
			isa = PBXGroup;
			children = (
				F954D1A923C7468200701F1E /* ResourcesVC.swift */,
				F954D1AA23C7468200701F1E /* ResourcesVC.xib */,
			);
			path = ResourcesVC;
			sourceTree = "<group>";
		};
		F954D1AD23C7475400701F1E /* Cell */ = {
			isa = PBXGroup;
			children = (
				F954D1AE23C7475800701F1E /* ResourcesTableViewCell */,
			);
			path = Cell;
			sourceTree = "<group>";
		};
		F954D1AE23C7475800701F1E /* ResourcesTableViewCell */ = {
			isa = PBXGroup;
			children = (
				F954D1AF23C7477600701F1E /* ResourcesTableViewCell.swift */,
				F954D1B023C7477600701F1E /* ResourcesTableViewCell.xib */,
			);
			path = ResourcesTableViewCell;
			sourceTree = "<group>";
		};
		F954D1B323C748C900701F1E /* Network */ = {
			isa = PBXGroup;
			children = (
				F954D1B423C7493E00701F1E /* NewsApiService.swift */,
			);
			path = Network;
			sourceTree = "<group>";
		};
		F954D1B823C74E9500701F1E /* Resources */ = {
			isa = PBXGroup;
			children = (
				F954D1B923C74EA500701F1E /* News.swift */,
				F954D1BB23C74EC400701F1E /* SourcesModel.swift */,
			);
			path = Resources;
			sourceTree = "<group>";
		};
/* End PBXGroup section */

/* Begin PBXNativeTarget section */
		F954D18723C73B1500701F1E /* AdessoMVC */ = {
			isa = PBXNativeTarget;
			buildConfigurationList = F954D19C23C73B1700701F1E /* Build configuration list for PBXNativeTarget "AdessoMVC" */;
			buildPhases = (
				62996804E968F3CA61369412 /* [CP] Check Pods Manifest.lock */,
				F954D18423C73B1500701F1E /* Sources */,
				F954D18523C73B1500701F1E /* Frameworks */,
				F954D18623C73B1500701F1E /* Resources */,
				4B273DA9EE8677BADA90F5A2 /* [CP] Embed Pods Frameworks */,
			);
			buildRules = (
			);
			dependencies = (
			);
			name = AdessoMVC;
			productName = AdessoMVC;
			productReference = F954D18823C73B1500701F1E /* AdessoMVC.app */;
			productType = "com.apple.product-type.application";
		};
/* End PBXNativeTarget section */

/* Begin PBXProject section */
		F954D18023C73B1500701F1E /* Project object */ = {
			isa = PBXProject;
			attributes = {
				LastSwiftUpdateCheck = 1120;
				LastUpgradeCheck = 1120;
				ORGANIZATIONNAME = "Abdülbaki Kaplan";
				TargetAttributes = {
					F954D18723C73B1500701F1E = {
						CreatedOnToolsVersion = 11.2.1;
					};
				};
			};
			buildConfigurationList = F954D18323C73B1500701F1E /* Build configuration list for PBXProject "AdessoMVC" */;
			compatibilityVersion = "Xcode 9.3";
			developmentRegion = en;
			hasScannedForEncodings = 0;
			knownRegions = (
				en,
				Base,
			);
			mainGroup = F954D17F23C73B1500701F1E;
			productRefGroup = F954D18923C73B1500701F1E /* Products */;
			projectDirPath = "";
			projectRoot = "";
			targets = (
				F954D18723C73B1500701F1E /* AdessoMVC */,
			);
		};
/* End PBXProject section */

/* Begin PBXResourcesBuildPhase section */
		F954D18623C73B1500701F1E /* Resources */ = {
			isa = PBXResourcesBuildPhase;
			buildActionMask = 2147483647;
			files = (
				F954D19823C73B1700701F1E /* LaunchScreen.storyboard in Resources */,
				F954D1A723C7401F00701F1E /* SplashVC.xib in Resources */,
				F954D1AC23C7468200701F1E /* ResourcesVC.xib in Resources */,
				F954D1B223C7477600701F1E /* ResourcesTableViewCell.xib in Resources */,
				F954D19523C73B1700701F1E /* Assets.xcassets in Resources */,
				F954D19323C73B1500701F1E /* Main.storyboard in Resources */,
			);
			runOnlyForDeploymentPostprocessing = 0;
		};
/* End PBXResourcesBuildPhase section */

/* Begin PBXShellScriptBuildPhase section */
		4B273DA9EE8677BADA90F5A2 /* [CP] Embed Pods Frameworks */ = {
			isa = PBXShellScriptBuildPhase;
			buildActionMask = 2147483647;
			files = (
			);
			inputFileListPaths = (
				"${PODS_ROOT}/Target Support Files/Pods-AdessoMVC/Pods-AdessoMVC-frameworks-${CONFIGURATION}-input-files.xcfilelist",
			);
			name = "[CP] Embed Pods Frameworks";
			outputFileListPaths = (
				"${PODS_ROOT}/Target Support Files/Pods-AdessoMVC/Pods-AdessoMVC-frameworks-${CONFIGURATION}-output-files.xcfilelist",
			);
			runOnlyForDeploymentPostprocessing = 0;
			shellPath = /bin/sh;
			shellScript = "\"${PODS_ROOT}/Target Support Files/Pods-AdessoMVC/Pods-AdessoMVC-frameworks.sh\"\n";
			showEnvVarsInLog = 0;
		};
		62996804E968F3CA61369412 /* [CP] Check Pods Manifest.lock */ = {
			isa = PBXShellScriptBuildPhase;
			buildActionMask = 2147483647;
			files = (
			);
			inputFileListPaths = (
			);
			inputPaths = (
				"${PODS_PODFILE_DIR_PATH}/Podfile.lock",
				"${PODS_ROOT}/Manifest.lock",
			);
			name = "[CP] Check Pods Manifest.lock";
			outputFileListPaths = (
			);
			outputPaths = (
				"$(DERIVED_FILE_DIR)/Pods-AdessoMVC-checkManifestLockResult.txt",
			);
			runOnlyForDeploymentPostprocessing = 0;
			shellPath = /bin/sh;
			shellScript = "diff \"${PODS_PODFILE_DIR_PATH}/Podfile.lock\" \"${PODS_ROOT}/Manifest.lock\" > /dev/null\nif [ $? != 0 ] ; then\n    # print error to STDERR\n    echo \"error: The sandbox is not in sync with the Podfile.lock. Run 'pod install' or update your CocoaPods installation.\" >&2\n    exit 1\nfi\n# This output is used by Xcode 'outputs' to avoid re-running this script phase.\necho \"SUCCESS\" > \"${SCRIPT_OUTPUT_FILE_0}\"\n";
			showEnvVarsInLog = 0;
		};
/* End PBXShellScriptBuildPhase section */

/* Begin PBXSourcesBuildPhase section */
		F954D18423C73B1500701F1E /* Sources */ = {
			isa = PBXSourcesBuildPhase;
			buildActionMask = 2147483647;
			files = (
				F954D1AB23C7468200701F1E /* ResourcesVC.swift in Sources */,
				F954D1B123C7477600701F1E /* ResourcesTableViewCell.swift in Sources */,
				F954D1BC23C74EC400701F1E /* SourcesModel.swift in Sources */,
				F954D19023C73B1500701F1E /* ViewController.swift in Sources */,
				F954D18C23C73B1500701F1E /* AppDelegate.swift in Sources */,
				F954D1BA23C74EA500701F1E /* News.swift in Sources */,
				F954D1A623C7401F00701F1E /* SplashVC.swift in Sources */,
				F954D1B523C7493E00701F1E /* NewsApiService.swift in Sources */,
			);
			runOnlyForDeploymentPostprocessing = 0;
		};
/* End PBXSourcesBuildPhase section */

/* Begin PBXVariantGroup section */
		F954D19123C73B1500701F1E /* Main.storyboard */ = {
			isa = PBXVariantGroup;
			children = (
				F954D19223C73B1500701F1E /* Base */,
			);
			name = Main.storyboard;
			sourceTree = "<group>";
		};
		F954D19623C73B1700701F1E /* LaunchScreen.storyboard */ = {
			isa = PBXVariantGroup;
			children = (
				F954D19723C73B1700701F1E /* Base */,
			);
			name = LaunchScreen.storyboard;
			sourceTree = "<group>";
		};
/* End PBXVariantGroup section */

/* Begin XCBuildConfiguration section */
		F954D19A23C73B1700701F1E /* Debug */ = {
			isa = XCBuildConfiguration;
			buildSettings = {
				ALWAYS_SEARCH_USER_PATHS = NO;
				CLANG_ANALYZER_NONNULL = YES;
				CLANG_ANALYZER_NUMBER_OBJECT_CONVERSION = YES_AGGRESSIVE;
				CLANG_CXX_LANGUAGE_STANDARD = "gnu++14";
				CLANG_CXX_LIBRARY = "libc++";
				CLANG_ENABLE_MODULES = YES;
				CLANG_ENABLE_OBJC_ARC = YES;
				CLANG_ENABLE_OBJC_WEAK = YES;
				CLANG_WARN_BLOCK_CAPTURE_AUTORELEASING = YES;
				CLANG_WARN_BOOL_CONVERSION = YES;
				CLANG_WARN_COMMA = YES;
				CLANG_WARN_CONSTANT_CONVERSION = YES;
				CLANG_WARN_DEPRECATED_OBJC_IMPLEMENTATIONS = YES;
				CLANG_WARN_DIRECT_OBJC_ISA_USAGE = YES_ERROR;
				CLANG_WARN_DOCUMENTATION_COMMENTS = YES;
				CLANG_WARN_EMPTY_BODY = YES;
				CLANG_WARN_ENUM_CONVERSION = YES;
				CLANG_WARN_INFINITE_RECURSION = YES;
				CLANG_WARN_INT_CONVERSION = YES;
				CLANG_WARN_NON_LITERAL_NULL_CONVERSION = YES;
				CLANG_WARN_OBJC_IMPLICIT_RETAIN_SELF = YES;
				CLANG_WARN_OBJC_LITERAL_CONVERSION = YES;
				CLANG_WARN_OBJC_ROOT_CLASS = YES_ERROR;
				CLANG_WARN_RANGE_LOOP_ANALYSIS = YES;
				CLANG_WARN_STRICT_PROTOTYPES = YES;
				CLANG_WARN_SUSPICIOUS_MOVE = YES;
				CLANG_WARN_UNGUARDED_AVAILABILITY = YES_AGGRESSIVE;
				CLANG_WARN_UNREACHABLE_CODE = YES;
				CLANG_WARN__DUPLICATE_METHOD_MATCH = YES;
				COPY_PHASE_STRIP = NO;
				DEBUG_INFORMATION_FORMAT = dwarf;
				ENABLE_STRICT_OBJC_MSGSEND = YES;
				ENABLE_TESTABILITY = YES;
				GCC_C_LANGUAGE_STANDARD = gnu11;
				GCC_DYNAMIC_NO_PIC = NO;
				GCC_NO_COMMON_BLOCKS = YES;
				GCC_OPTIMIZATION_LEVEL = 0;
				GCC_PREPROCESSOR_DEFINITIONS = (
					"DEBUG=1",
					"$(inherited)",
				);
				GCC_WARN_64_TO_32_BIT_CONVERSION = YES;
				GCC_WARN_ABOUT_RETURN_TYPE = YES_ERROR;
				GCC_WARN_UNDECLARED_SELECTOR = YES;
				GCC_WARN_UNINITIALIZED_AUTOS = YES_AGGRESSIVE;
				GCC_WARN_UNUSED_FUNCTION = YES;
				GCC_WARN_UNUSED_VARIABLE = YES;
				IPHONEOS_DEPLOYMENT_TARGET = 13.2;
				MTL_ENABLE_DEBUG_INFO = INCLUDE_SOURCE;
				MTL_FAST_MATH = YES;
				ONLY_ACTIVE_ARCH = YES;
				SDKROOT = iphoneos;
				SWIFT_ACTIVE_COMPILATION_CONDITIONS = DEBUG;
				SWIFT_OPTIMIZATION_LEVEL = "-Onone";
			};
			name = Debug;
		};
		F954D19B23C73B1700701F1E /* Release */ = {
			isa = XCBuildConfiguration;
			buildSettings = {
				ALWAYS_SEARCH_USER_PATHS = NO;
				CLANG_ANALYZER_NONNULL = YES;
				CLANG_ANALYZER_NUMBER_OBJECT_CONVERSION = YES_AGGRESSIVE;
				CLANG_CXX_LANGUAGE_STANDARD = "gnu++14";
				CLANG_CXX_LIBRARY = "libc++";
				CLANG_ENABLE_MODULES = YES;
				CLANG_ENABLE_OBJC_ARC = YES;
				CLANG_ENABLE_OBJC_WEAK = YES;
				CLANG_WARN_BLOCK_CAPTURE_AUTORELEASING = YES;
				CLANG_WARN_BOOL_CONVERSION = YES;
				CLANG_WARN_COMMA = YES;
				CLANG_WARN_CONSTANT_CONVERSION = YES;
				CLANG_WARN_DEPRECATED_OBJC_IMPLEMENTATIONS = YES;
				CLANG_WARN_DIRECT_OBJC_ISA_USAGE = YES_ERROR;
				CLANG_WARN_DOCUMENTATION_COMMENTS = YES;
				CLANG_WARN_EMPTY_BODY = YES;
				CLANG_WARN_ENUM_CONVERSION = YES;
				CLANG_WARN_INFINITE_RECURSION = YES;
				CLANG_WARN_INT_CONVERSION = YES;
				CLANG_WARN_NON_LITERAL_NULL_CONVERSION = YES;
				CLANG_WARN_OBJC_IMPLICIT_RETAIN_SELF = YES;
				CLANG_WARN_OBJC_LITERAL_CONVERSION = YES;
				CLANG_WARN_OBJC_ROOT_CLASS = YES_ERROR;
				CLANG_WARN_RANGE_LOOP_ANALYSIS = YES;
				CLANG_WARN_STRICT_PROTOTYPES = YES;
				CLANG_WARN_SUSPICIOUS_MOVE = YES;
				CLANG_WARN_UNGUARDED_AVAILABILITY = YES_AGGRESSIVE;
				CLANG_WARN_UNREACHABLE_CODE = YES;
				CLANG_WARN__DUPLICATE_METHOD_MATCH = YES;
				COPY_PHASE_STRIP = NO;
				DEBUG_INFORMATION_FORMAT = "dwarf-with-dsym";
				ENABLE_NS_ASSERTIONS = NO;
				ENABLE_STRICT_OBJC_MSGSEND = YES;
				GCC_C_LANGUAGE_STANDARD = gnu11;
				GCC_NO_COMMON_BLOCKS = YES;
				GCC_WARN_64_TO_32_BIT_CONVERSION = YES;
				GCC_WARN_ABOUT_RETURN_TYPE = YES_ERROR;
				GCC_WARN_UNDECLARED_SELECTOR = YES;
				GCC_WARN_UNINITIALIZED_AUTOS = YES_AGGRESSIVE;
				GCC_WARN_UNUSED_FUNCTION = YES;
				GCC_WARN_UNUSED_VARIABLE = YES;
				IPHONEOS_DEPLOYMENT_TARGET = 13.2;
				MTL_ENABLE_DEBUG_INFO = NO;
				MTL_FAST_MATH = YES;
				SDKROOT = iphoneos;
				SWIFT_COMPILATION_MODE = wholemodule;
				SWIFT_OPTIMIZATION_LEVEL = "-O";
				VALIDATE_PRODUCT = YES;
			};
			name = Release;
		};
		F954D19D23C73B1700701F1E /* Debug */ = {
			isa = XCBuildConfiguration;
			baseConfigurationReference = 9752843873C3C0289EE1CC83 /* Pods-AdessoMVC.debug.xcconfig */;
			buildSettings = {
				ASSETCATALOG_COMPILER_APPICON_NAME = AppIcon;
				CODE_SIGN_STYLE = Automatic;
				DEVELOPMENT_TEAM = L8G29W99W7;
				INFOPLIST_FILE = AdessoMVC/Info.plist;
				LD_RUNPATH_SEARCH_PATHS = (
					"$(inherited)",
					"@executable_path/Frameworks",
				);
				PRODUCT_BUNDLE_IDENTIFIER = baki.AdessoMVC;
				PRODUCT_NAME = "$(TARGET_NAME)";
				SWIFT_VERSION = 5.0;
				TARGETED_DEVICE_FAMILY = "1,2";
			};
			name = Debug;
		};
		F954D19E23C73B1700701F1E /* Release */ = {
			isa = XCBuildConfiguration;
			baseConfigurationReference = 00597047F707D5F3BF8F065E /* Pods-AdessoMVC.release.xcconfig */;
			buildSettings = {
				ASSETCATALOG_COMPILER_APPICON_NAME = AppIcon;
				CODE_SIGN_STYLE = Automatic;
				DEVELOPMENT_TEAM = L8G29W99W7;
				INFOPLIST_FILE = AdessoMVC/Info.plist;
				LD_RUNPATH_SEARCH_PATHS = (
					"$(inherited)",
					"@executable_path/Frameworks",
				);
				PRODUCT_BUNDLE_IDENTIFIER = baki.AdessoMVC;
				PRODUCT_NAME = "$(TARGET_NAME)";
				SWIFT_VERSION = 5.0;
				TARGETED_DEVICE_FAMILY = "1,2";
			};
			name = Release;
		};
/* End XCBuildConfiguration section */

/* Begin XCConfigurationList section */
		F954D18323C73B1500701F1E /* Build configuration list for PBXProject "AdessoMVC" */ = {
			isa = XCConfigurationList;
			buildConfigurations = (
				F954D19A23C73B1700701F1E /* Debug */,
				F954D19B23C73B1700701F1E /* Release */,
			);
			defaultConfigurationIsVisible = 0;
			defaultConfigurationName = Release;
		};
		F954D19C23C73B1700701F1E /* Build configuration list for PBXNativeTarget "AdessoMVC" */ = {
			isa = XCConfigurationList;
			buildConfigurations = (
				F954D19D23C73B1700701F1E /* Debug */,
				F954D19E23C73B1700701F1E /* Release */,
			);
			defaultConfigurationIsVisible = 0;
			defaultConfigurationName = Release;
		};
/* End XCConfigurationList section */
	};
	rootObject = F954D18023C73B1500701F1E /* Project object */;
}
